// !$*UTF8*$!
{
	archiveVersion = 1;
	classes = {
	};
	objectVersion = 50;
	objects = {

/* Begin PBXBuildFile section */
		3BC4E0BF20B91FB000759219 /* main.cpp in Sources */ = {isa = PBXBuildFile; fileRef = 3BC4E0BE20B91FB000759219 /* main.cpp */; };
		3BC4E0C620B9283C00759219 /* libboost_filesystem.a in Frameworks */ = {isa = PBXBuildFile; fileRef = 3BC4E0C520B9283C00759219 /* libboost_filesystem.a */; };
		3BC4E0C920B9286000759219 /* libboost_system.a in Frameworks */ = {isa = PBXBuildFile; fileRef = 3BC4E0C820B9286000759219 /* libboost_system.a */; };
		3BC4E0CC20B935AD00759219 /* libcrypto.a in Frameworks */ = {isa = PBXBuildFile; fileRef = 3BC4E0CA20B935AD00759219 /* libcrypto.a */; };
		3BC4E0CD20B935AD00759219 /* libssl.a in Frameworks */ = {isa = PBXBuildFile; fileRef = 3BC4E0CB20B935AD00759219 /* libssl.a */; };
/* End PBXBuildFile section */

/* Begin PBXCopyFilesBuildPhase section */
		3BC4E0B920B91FB000759219 /* CopyFiles */ = {
			isa = PBXCopyFilesBuildPhase;
			buildActionMask = 2147483647;
			dstPath = /usr/share/man/man1/;
			dstSubfolderSpec = 0;
			files = (
			);
			runOnlyForDeploymentPostprocessing = 1;
		};
/* End PBXCopyFilesBuildPhase section */

/* Begin PBXFileReference section */
		3BC4E0BB20B91FB000759219 /* finddup */ = {isa = PBXFileReference; explicitFileType = "compiled.mach-o.executable"; includeInIndex = 0; path = finddup; sourceTree = BUILT_PRODUCTS_DIR; };
		3BC4E0BE20B91FB000759219 /* main.cpp */ = {isa = PBXFileReference; lastKnownFileType = sourcecode.cpp.cpp; path = main.cpp; sourceTree = "<group>"; };
		3BC4E0C520B9283C00759219 /* libboost_filesystem.a */ = {isa = PBXFileReference; lastKnownFileType = archive.ar; name = libboost_filesystem.a; path = ../../../../usr/local/Cellar/boost/1.67.0_1/lib/libboost_filesystem.a; sourceTree = "<group>"; };
		3BC4E0C720B9283E00759219 /* libboost_filesystem.a */ = {isa = PBXFileReference; lastKnownFileType = archive.ar; path = libboost_filesystem.a; sourceTree = "<group>"; };
		3BC4E0C820B9286000759219 /* libboost_system.a */ = {isa = PBXFileReference; lastKnownFileType = archive.ar; name = libboost_system.a; path = ../../../../../usr/local/Cellar/boost/1.67.0_1/lib/libboost_system.a; sourceTree = "<group>"; };
		3BC4E0CA20B935AD00759219 /* libcrypto.a */ = {isa = PBXFileReference; lastKnownFileType = archive.ar; name = libcrypto.a; path = ../../../../../usr/local/Cellar/openssl/1.0.2l/lib/libcrypto.a; sourceTree = "<group>"; };
		3BC4E0CB20B935AD00759219 /* libssl.a */ = {isa = PBXFileReference; lastKnownFileType = archive.ar; name = libssl.a; path = ../../../../../usr/local/Cellar/openssl/1.0.2l/lib/libssl.a; sourceTree = "<group>"; };
		3BC4E0CE20B935AE00759219 /* libboost_filesystem.a */ = {isa = PBXFileReference; lastKnownFileType = archive.ar; name = libboost_filesystem.a; path = ../../../../../usr/local/Cellar/boost/1.67.0_1/lib/libboost_filesystem.a; sourceTree = "<group>"; };
/* End PBXFileReference section */

/* Begin PBXFrameworksBuildPhase section */
		3BC4E0B820B91FB000759219 /* Frameworks */ = {
			isa = PBXFrameworksBuildPhase;
			buildActionMask = 2147483647;
			files = (
				3BC4E0CD20B935AD00759219 /* libssl.a in Frameworks */,
				3BC4E0C920B9286000759219 /* libboost_system.a in Frameworks */,
				3BC4E0C620B9283C00759219 /* libboost_filesystem.a in Frameworks */,
				3BC4E0CC20B935AD00759219 /* libcrypto.a in Frameworks */,
			);
			runOnlyForDeploymentPostprocessing = 0;
		};
/* End PBXFrameworksBuildPhase section */

/* Begin PBXGroup section */
		3BC4E0B220B91FB000759219 = {
			isa = PBXGroup;
			children = (
				3BC4E0BD20B91FB000759219 /* finddup */,
				3BC4E0BC20B91FB000759219 /* Products */,
				3BC4E0C520B9283C00759219 /* libboost_filesystem.a */,
			);
			sourceTree = "<group>";
		};
		3BC4E0BC20B91FB000759219 /* Products */ = {
			isa = PBXGroup;
			children = (
				3BC4E0BB20B91FB000759219 /* finddup */,
			);
			name = Products;
			sourceTree = "<group>";
		};
		3BC4E0BD20B91FB000759219 /* finddup */ = {
			isa = PBXGroup;
			children = (
				3BC4E0BE20B91FB000759219 /* main.cpp */,
				3BC4E0C720B9283E00759219 /* libboost_filesystem.a */,
				3BC4E0C820B9286000759219 /* libboost_system.a */,
				3BC4E0CA20B935AD00759219 /* libcrypto.a */,
				3BC4E0CB20B935AD00759219 /* libssl.a */,
				3BC4E0CE20B935AE00759219 /* libboost_filesystem.a */,
			);
			path = finddup;
			sourceTree = "<group>";
		};
/* End PBXGroup section */

/* Begin PBXNativeTarget section */
		3BC4E0BA20B91FB000759219 /* finddup */ = {
			isa = PBXNativeTarget;
			buildConfigurationList = 3BC4E0C220B91FB000759219 /* Build configuration list for PBXNativeTarget "finddup" */;
			buildPhases = (
				3BC4E0B720B91FB000759219 /* Sources */,
				3BC4E0B820B91FB000759219 /* Frameworks */,
				3BC4E0B920B91FB000759219 /* CopyFiles */,
			);
			buildRules = (
			);
			dependencies = (
			);
			name = finddup;
			productName = finddup;
			productReference = 3BC4E0BB20B91FB000759219 /* finddup */;
			productType = "com.apple.product-type.tool";
		};
/* End PBXNativeTarget section */

/* Begin PBXProject section */
		3BC4E0B320B91FB000759219 /* Project object */ = {
			isa = PBXProject;
			attributes = {
				LastUpgradeCheck = 0930;
				ORGANIZATIONNAME = dany;
				TargetAttributes = {
					3BC4E0BA20B91FB000759219 = {
						CreatedOnToolsVersion = 9.3;
					};
				};
			};
			buildConfigurationList = 3BC4E0B620B91FB000759219 /* Build configuration list for PBXProject "finddup" */;
			compatibilityVersion = "Xcode 9.3";
			developmentRegion = en;
			hasScannedForEncodings = 0;
			knownRegions = (
				en,
			);
			mainGroup = 3BC4E0B220B91FB000759219;
			productRefGroup = 3BC4E0BC20B91FB000759219 /* Products */;
			projectDirPath = "";
			projectRoot = "";
			targets = (
				3BC4E0BA20B91FB000759219 /* finddup */,
			);
		};
/* End PBXProject section */

/* Begin PBXSourcesBuildPhase section */
		3BC4E0B720B91FB000759219 /* Sources */ = {
			isa = PBXSourcesBuildPhase;
			buildActionMask = 2147483647;
			files = (
				3BC4E0BF20B91FB000759219 /* main.cpp in Sources */,
			);
			runOnlyForDeploymentPostprocessing = 0;
		};
/* End PBXSourcesBuildPhase section */

/* Begin XCBuildConfiguration section */
		3BC4E0C020B91FB000759219 /* Debug */ = {
			isa = XCBuildConfiguration;
			buildSettings = {
				ALWAYS_SEARCH_USER_PATHS = NO;
				CLANG_ANALYZER_NONNULL = YES;
				CLANG_ANALYZER_NUMBER_OBJECT_CONVERSION = YES_AGGRESSIVE;
				CLANG_CXX_LANGUAGE_STANDARD = "gnu++14";
				CLANG_CXX_LIBRARY = "libc++";
				CLANG_ENABLE_MODULES = YES;
				CLANG_ENABLE_OBJC_ARC = YES;
				CLANG_ENABLE_OBJC_WEAK = YES;
				CLANG_WARN_BLOCK_CAPTURE_AUTORELEASING = YES;
				CLANG_WARN_BOOL_CONVERSION = YES;
				CLANG_WARN_COMMA = YES;
				CLANG_WARN_CONSTANT_CONVERSION = YES;
				CLANG_WARN_DEPRECATED_OBJC_IMPLEMENTATIONS = YES;
				CLANG_WARN_DIRECT_OBJC_ISA_USAGE = YES_ERROR;
				CLANG_WARN_DOCUMENTATION_COMMENTS = YES;
				CLANG_WARN_EMPTY_BODY = YES;
				CLANG_WARN_ENUM_CONVERSION = YES;
				CLANG_WARN_INFINITE_RECURSION = YES;
				CLANG_WARN_INT_CONVERSION = YES;
				CLANG_WARN_NON_LITERAL_NULL_CONVERSION = YES;
				CLANG_WARN_OBJC_IMPLICIT_RETAIN_SELF = YES;
				CLANG_WARN_OBJC_LITERAL_CONVERSION = YES;
				CLANG_WARN_OBJC_ROOT_CLASS = YES_ERROR;
				CLANG_WARN_RANGE_LOOP_ANALYSIS = YES;
				CLANG_WARN_STRICT_PROTOTYPES = YES;
				CLANG_WARN_SUSPICIOUS_MOVE = YES;
				CLANG_WARN_UNGUARDED_AVAILABILITY = YES_AGGRESSIVE;
				CLANG_WARN_UNREACHABLE_CODE = YES;
				CLANG_WARN__DUPLICATE_METHOD_MATCH = YES;
				CODE_SIGN_IDENTITY = "-";
				COPY_PHASE_STRIP = NO;
				DEBUG_INFORMATION_FORMAT = dwarf;
				ENABLE_STRICT_OBJC_MSGSEND = YES;
				ENABLE_TESTABILITY = YES;
				GCC_C_LANGUAGE_STANDARD = gnu11;
				GCC_DYNAMIC_NO_PIC = NO;
				GCC_NO_COMMON_BLOCKS = YES;
				GCC_OPTIMIZATION_LEVEL = 0;
				GCC_PREPROCESSOR_DEFINITIONS = (
					"DEBUG=1",
					"$(inherited)",
				);
				GCC_WARN_64_TO_32_BIT_CONVERSION = YES;
				GCC_WARN_ABOUT_RETURN_TYPE = YES_ERROR;
				GCC_WARN_UNDECLARED_SELECTOR = YES;
				GCC_WARN_UNINITIALIZED_AUTOS = YES_AGGRESSIVE;
				GCC_WARN_UNUSED_FUNCTION = YES;
				GCC_WARN_UNUSED_VARIABLE = YES;
				MACOSX_DEPLOYMENT_TARGET = 10.13;
				MTL_ENABLE_DEBUG_INFO = YES;
				ONLY_ACTIVE_ARCH = YES;
				SDKROOT = macosx;
			};
			name = Debug;
		};
		3BC4E0C120B91FB000759219 /* Release */ = {
			isa = XCBuildConfiguration;
			buildSettings = {
				ALWAYS_SEARCH_USER_PATHS = NO;
				CLANG_ANALYZER_NONNULL = YES;
				CLANG_ANALYZER_NUMBER_OBJECT_CONVERSION = YES_AGGRESSIVE;
				CLANG_CXX_LANGUAGE_STANDARD = "gnu++14";
				CLANG_CXX_LIBRARY = "libc++";
				CLANG_ENABLE_MODULES = YES;
				CLANG_ENABLE_OBJC_ARC = YES;
				CLANG_ENABLE_OBJC_WEAK = YES;
				CLANG_WARN_BLOCK_CAPTURE_AUTORELEASING = YES;
				CLANG_WARN_BOOL_CONVERSION = YES;
				CLANG_WARN_COMMA = YES;
				CLANG_WARN_CONSTANT_CONVERSION = YES;
				CLANG_WARN_DEPRECATED_OBJC_IMPLEMENTATIONS = YES;
				CLANG_WARN_DIRECT_OBJC_ISA_USAGE = YES_ERROR;
				CLANG_WARN_DOCUMENTATION_COMMENTS = YES;
				CLANG_WARN_EMPTY_BODY = YES;
				CLANG_WARN_ENUM_CONVERSION = YES;
				CLANG_WARN_INFINITE_RECURSION = YES;
				CLANG_WARN_INT_CONVERSION = YES;
				CLANG_WARN_NON_LITERAL_NULL_CONVERSION = YES;
				CLANG_WARN_OBJC_IMPLICIT_RETAIN_SELF = YES;
				CLANG_WARN_OBJC_LITERAL_CONVERSION = YES;
				CLANG_WARN_OBJC_ROOT_CLASS = YES_ERROR;
				CLANG_WARN_RANGE_LOOP_ANALYSIS = YES;
				CLANG_WARN_STRICT_PROTOTYPES = YES;
				CLANG_WARN_SUSPICIOUS_MOVE = YES;
				CLANG_WARN_UNGUARDED_AVAILABILITY = YES_AGGRESSIVE;
				CLANG_WARN_UNREACHABLE_CODE = YES;
				CLANG_WARN__DUPLICATE_METHOD_MATCH = YES;
				CODE_SIGN_IDENTITY = "-";
				COPY_PHASE_STRIP = NO;
				DEBUG_INFORMATION_FORMAT = "dwarf-with-dsym";
				ENABLE_NS_ASSERTIONS = NO;
				ENABLE_STRICT_OBJC_MSGSEND = YES;
				GCC_C_LANGUAGE_STANDARD = gnu11;
				GCC_NO_COMMON_BLOCKS = YES;
				GCC_WARN_64_TO_32_BIT_CONVERSION = YES;
				GCC_WARN_ABOUT_RETURN_TYPE = YES_ERROR;
				GCC_WARN_UNDECLARED_SELECTOR = YES;
				GCC_WARN_UNINITIALIZED_AUTOS = YES_AGGRESSIVE;
				GCC_WARN_UNUSED_FUNCTION = YES;
				GCC_WARN_UNUSED_VARIABLE = YES;
				MACOSX_DEPLOYMENT_TARGET = 10.13;
				MTL_ENABLE_DEBUG_INFO = NO;
				SDKROOT = macosx;
			};
			name = Release;
		};
		3BC4E0C320B91FB000759219 /* Debug */ = {
			isa = XCBuildConfiguration;
			buildSettings = {
				CODE_SIGN_STYLE = Automatic;
				HEADER_SEARCH_PATHS = (
					"/usr//local/Cellar/boost/1.67.0_1/include",
					/usr/local/Cellar/openssl/1.0.2l/include,
				);
				LIBRARY_SEARCH_PATHS = (
					"$(inherited)",
					/usr/local/Cellar/boost/1.67.0_1/lib,
					/usr/local/Cellar/openssl/1.0.2l/lib,
				);
				PRODUCT_NAME = "$(TARGET_NAME)";
			};
			name = Debug;
		};
		3BC4E0C420B91FB000759219 /* Release */ = {
			isa = XCBuildConfiguration;
			buildSettings = {
				CODE_SIGN_STYLE = Automatic;
				HEADER_SEARCH_PATHS = (
					"/usr//local/Cellar/boost/1.67.0_1/include",
					/usr/local/Cellar/openssl/1.0.2l/include,
				);
				LIBRARY_SEARCH_PATHS = (
					"$(inherited)",
					/usr/local/Cellar/boost/1.67.0_1/lib,
					/usr/local/Cellar/openssl/1.0.2l/lib,
				);
				PRODUCT_NAME = "$(TARGET_NAME)";
			};
			name = Release;
		};
/* End XCBuildConfiguration section */

/* Begin XCConfigurationList section */
		3BC4E0B620B91FB000759219 /* Build configuration list for PBXProject "finddup" */ = {
			isa = XCConfigurationList;
			buildConfigurations = (
				3BC4E0C020B91FB000759219 /* Debug */,
				3BC4E0C120B91FB000759219 /* Release */,
			);
			defaultConfigurationIsVisible = 0;
			defaultConfigurationName = Release;
		};
		3BC4E0C220B91FB000759219 /* Build configuration list for PBXNativeTarget "finddup" */ = {
			isa = XCConfigurationList;
			buildConfigurations = (
				3BC4E0C320B91FB000759219 /* Debug */,
				3BC4E0C420B91FB000759219 /* Release */,
			);
			defaultConfigurationIsVisible = 0;
			defaultConfigurationName = Release;
		};
/* End XCConfigurationList section */
	};
	rootObject = 3BC4E0B320B91FB000759219 /* Project object */;
}
